
Microsoft Visual Studio Solution File, Format Version 12.00
# Visual Studio Version 16
VisualStudioVersion = 16.0.32002.261
MinimumVisualStudioVersion = 10.0.40219.1
Project("{FAE04EC0-301F-11D3-BF4B-00C04F79EFBC}") = "AplikasiRentalMobil", "AplikasiRentalMobil\AplikasiRentalMobil.csproj", "{ABE2508D-504C-4743-A52C-4EBAE8F1F1EF}"
EndProject
Global
	GlobalSection(SolutionConfigurationPlatforms) = preSolution
		Debug|Any CPU = Debug|Any CPU
		Release|Any CPU = Release|Any CPU
	EndGlobalSection
	GlobalSection(ProjectConfigurationPlatforms) = postSolution
		{ABE2508D-504C-4743-A52C-4EBAE8F1F1EF}.Debug|Any CPU.ActiveCfg = Debug|Any CPU
		{ABE2508D-504C-4743-A52C-4EBAE8F1F1EF}.Debug|Any CPU.Build.0 = Debug|Any CPU
		{ABE2508D-504C-4743-A52C-4EBAE8F1F1EF}.Release|Any CPU.ActiveCfg = Release|Any CPU
		{ABE2508D-504C-4743-A52C-4EBAE8F1F1EF}.Release|Any CPU.Build.0 = Release|Any CPU
	EndGlobalSection
	GlobalSection(SolutionProperties) = preSolution
		HideSolutionNode = FALSE
	EndGlobalSection
	GlobalSection(ExtensibilityGlobals) = postSolution
		SolutionGuid = {6D02D776-52CC-41EB-B149-0224CFBFBF36}
	EndGlobalSection
EndGlobal
